
Microsoft Visual Studio Solution File, Format Version 12.00
# Visual Studio Version 16
VisualStudioVersion = 16.0.30907.101
MinimumVisualStudioVersion = 10.0.40219.1
Project("{FAE04EC0-301F-11D3-BF4B-00C04F79EFBC}") = "AzureTbleStrgFunc", "AzureTbleStrgFunc.csproj", "{CA76A72F-7F80-416D-881C-6BAA21D3C03B}"
EndProject
Global
	GlobalSection(SolutionConfigurationPlatforms) = preSolution
		Debug|Any CPU = Debug|Any CPU
		Release|Any CPU = Release|Any CPU
	EndGlobalSection
	GlobalSection(ProjectConfigurationPlatforms) = postSolution
		{CA76A72F-7F80-416D-881C-6BAA21D3C03B}.Debug|Any CPU.ActiveCfg = Debug|Any CPU
		{CA76A72F-7F80-416D-881C-6BAA21D3C03B}.Debug|Any CPU.Build.0 = Debug|Any CPU
		{CA76A72F-7F80-416D-881C-6BAA21D3C03B}.Release|Any CPU.ActiveCfg = Release|Any CPU
		{CA76A72F-7F80-416D-881C-6BAA21D3C03B}.Release|Any CPU.Build.0 = Release|Any CPU
	EndGlobalSection
	GlobalSection(SolutionProperties) = preSolution
		HideSolutionNode = FALSE
	EndGlobalSection
	GlobalSection(ExtensibilityGlobals) = postSolution
		SolutionGuid = {1A2824D0-D52C-4ABC-9D85-890F818B610C}
	EndGlobalSection
EndGlobal
